
Microsoft Visual Studio Solution File, Format Version 12.00
# Visual Studio 15
VisualStudioVersion = 15.0.27130.2027
MinimumVisualStudioVersion = 10.0.40219.1
Project("{FAE04EC0-301F-11D3-BF4B-00C04F79EFBC}") = "Helpdesk_Application", "Helpdesk_Application\Helpdesk_Application.csproj", "{932097CF-EC5C-4931-853E-2F8AA2848781}"
EndProject
Global
	GlobalSection(SolutionConfigurationPlatforms) = preSolution
		Debug|Any CPU = Debug|Any CPU
		Release|Any CPU = Release|Any CPU
	EndGlobalSection
	GlobalSection(ProjectConfigurationPlatforms) = postSolution
		{932097CF-EC5C-4931-853E-2F8AA2848781}.Debug|Any CPU.ActiveCfg = Debug|Any CPU
		{932097CF-EC5C-4931-853E-2F8AA2848781}.Debug|Any CPU.Build.0 = Debug|Any CPU
		{932097CF-EC5C-4931-853E-2F8AA2848781}.Release|Any CPU.ActiveCfg = Release|Any CPU
		{932097CF-EC5C-4931-853E-2F8AA2848781}.Release|Any CPU.Build.0 = Release|Any CPU
	EndGlobalSection
	GlobalSection(SolutionProperties) = preSolution
		HideSolutionNode = FALSE
	EndGlobalSection
	GlobalSection(ExtensibilityGlobals) = postSolution
		SolutionGuid = {C39079F8-C9EA-4EDE-9A6D-6EEB0561078D}
	EndGlobalSection
EndGlobal
